// !$*UTF8*$!
{
	archiveVersion = 1;
	classes = {
	};
	objectVersion = 46;
	objects = {

/* Begin PBXBuildFile section */
		2F0C1FF21C029FCA00D7E9F4 /* IMG_6774.PNG in Resources */ = {isa = PBXBuildFile; fileRef = 2F0C1FEF1C029FCA00D7E9F4 /* IMG_6774.PNG */; };
		2F0C1FF71C02A87000D7E9F4 /* calend.png in Resources */ = {isa = PBXBuildFile; fileRef = 2F0C1FF31C02A87000D7E9F4 /* calend.png */; };
		2F0C1FF81C02A87000D7E9F4 /* clo.png in Resources */ = {isa = PBXBuildFile; fileRef = 2F0C1FF41C02A87000D7E9F4 /* clo.png */; };
		2F0C1FF91C02A87000D7E9F4 /* rep.png in Resources */ = {isa = PBXBuildFile; fileRef = 2F0C1FF51C02A87000D7E9F4 /* rep.png */; };
		2F0C1FFA1C02A87000D7E9F4 /* sett.png in Resources */ = {isa = PBXBuildFile; fileRef = 2F0C1FF61C02A87000D7E9F4 /* sett.png */; };
		2F0C1FFC1C02A95500D7E9F4 /* start.png in Resources */ = {isa = PBXBuildFile; fileRef = 2F0C1FFB1C02A95500D7E9F4 /* start.png */; };
		2F0C1FFE1C02AA8200D7E9F4 /* fb.png in Resources */ = {isa = PBXBuildFile; fileRef = 2F0C1FFD1C02AA8200D7E9F4 /* fb.png */; };
		2F0C20001C02AABB00D7E9F4 /* ins.png in Resources */ = {isa = PBXBuildFile; fileRef = 2F0C1FFF1C02AABB00D7E9F4 /* ins.png */; };
		2F0C20041C02AB6200D7E9F4 /* mai.png in Resources */ = {isa = PBXBuildFile; fileRef = 2F0C20031C02AB6200D7E9F4 /* mai.png */; };
		2F11B18F1C051FE3009A5B38 /* newevent.png in Resources */ = {isa = PBXBuildFile; fileRef = 2F11B18E1C051FE3009A5B38 /* newevent.png */; };
		2F11B1911C0526B6009A5B38 /* okok.png in Resources */ = {isa = PBXBuildFile; fileRef = 2F11B1901C0526B6009A5B38 /* okok.png */; };
		2F5265DD1BF96CD3005DF6FD /* cancel.png in Resources */ = {isa = PBXBuildFile; fileRef = 2F5265D71BF96CD3005DF6FD /* cancel.png */; };
		2F52D2FA1C0BD697008E35AD /* Dogs.mp3 in Resources */ = {isa = PBXBuildFile; fileRef = 2F52D2F51C0BD697008E35AD /* Dogs.mp3 */; };
		2F52D2FB1C0BD697008E35AD /* Phantom.mp3 in Resources */ = {isa = PBXBuildFile; fileRef = 2F52D2F61C0BD697008E35AD /* Phantom.mp3 */; };
		2F52D2FC1C0BD697008E35AD /* Summer.mp3 in Resources */ = {isa = PBXBuildFile; fileRef = 2F52D2F71C0BD697008E35AD /* Summer.mp3 */; };
		2F52D2FD1C0BD697008E35AD /* Truth.mp3 in Resources */ = {isa = PBXBuildFile; fileRef = 2F52D2F81C0BD697008E35AD /* Truth.mp3 */; };
		2F52D2FE1C0BD697008E35AD /* Whistle.mp3 in Resources */ = {isa = PBXBuildFile; fileRef = 2F52D2F91C0BD697008E35AD /* Whistle.mp3 */; };
		2FE4F0361C07EBFF0004DDD6 /* IMG_6860.PNG in Resources */ = {isa = PBXBuildFile; fileRef = 2FE4F0351C07EBFF0004DDD6 /* IMG_6860.PNG */; };
		2FE4F0381C07F2290004DDD6 /* canc.png in Resources */ = {isa = PBXBuildFile; fileRef = 2FE4F0371C07F2290004DDD6 /* canc.png */; };
		2FE4F03A1C07F2940004DDD6 /* cancc.png in Resources */ = {isa = PBXBuildFile; fileRef = 2FE4F0391C07F2940004DDD6 /* cancc.png */; };
		2FFABFF31C07E3DE00C26C78 /* IMG_6781.PNG in Resources */ = {isa = PBXBuildFile; fileRef = 2FFABFF01C07E3DE00C26C78 /* IMG_6781.PNG */; };
		470B55A61BF80490008C1D80 /* HealthKit.framework in Frameworks */ = {isa = PBXBuildFile; fileRef = 470B55A51BF80490008C1D80 /* HealthKit.framework */; };
		470B55A91BF804C1008C1D80 /* HealthManager.swift in Sources */ = {isa = PBXBuildFile; fileRef = 470B55A81BF804C1008C1D80 /* HealthManager.swift */; };
		47450AB81C0D0DA30094AB2C /* InfoManager.swift in Sources */ = {isa = PBXBuildFile; fileRef = 47450AB71C0D0DA30094AB2C /* InfoManager.swift */; };
		47450ABA1C0D1C8B0094AB2C /* SettingsViewController.swift in Sources */ = {isa = PBXBuildFile; fileRef = 47450AB91C0D1C8B0094AB2C /* SettingsViewController.swift */; };
		474753701BEECA080047CA9D /* IMG_6646.jpg in Resources */ = {isa = PBXBuildFile; fileRef = 4747536F1BEECA070047CA9D /* IMG_6646.jpg */; };
		475BE21F1C059EA6007BD8A3 /* CalendarViewController.swift in Sources */ = {isa = PBXBuildFile; fileRef = 475BE21E1C059EA6007BD8A3 /* CalendarViewController.swift */; };
		478D96171C0AFDD5000A13B9 /* EventManager.swift in Sources */ = {isa = PBXBuildFile; fileRef = 478D96161C0AFDD5000A13B9 /* EventManager.swift */; };
		4791AE051BFEAA090050F0FF /* GraphView.swift in Sources */ = {isa = PBXBuildFile; fileRef = 4791AE041BFEAA090050F0FF /* GraphView.swift */; };
		4791AE071BFEAB2C0050F0FF /* SingleReportViewController.swift in Sources */ = {isa = PBXBuildFile; fileRef = 4791AE061BFEAB2C0050F0FF /* SingleReportViewController.swift */; };
		4791AE091BFEADBF0050F0FF /* ReportsViewController.swift in Sources */ = {isa = PBXBuildFile; fileRef = 4791AE081BFEADBF0050F0FF /* ReportsViewController.swift */; };
		4791AE0B1C026B0E0050F0FF /* FileManager.swift in Sources */ = {isa = PBXBuildFile; fileRef = 4791AE0A1C026B0E0050F0FF /* FileManager.swift */; };
		4792CF741BFA3C3D00D6E6E1 /* Reports.swift in Sources */ = {isa = PBXBuildFile; fileRef = 4792CF731BFA3C3D00D6E6E1 /* Reports.swift */; };
		4799FB201C0C19B400A00DD2 /* SingleEventViewController.swift in Sources */ = {isa = PBXBuildFile; fileRef = 4799FB1F1C0C19B400A00DD2 /* SingleEventViewController.swift */; };
		47B49DDB1BEDB9BE007919B9 /* AppDelegate.swift in Sources */ = {isa = PBXBuildFile; fileRef = 47B49DDA1BEDB9BE007919B9 /* AppDelegate.swift */; };
		47B49DDD1BEDB9BE007919B9 /* AlarmViewController.swift in Sources */ = {isa = PBXBuildFile; fileRef = 47B49DDC1BEDB9BE007919B9 /* AlarmViewController.swift */; };
		47B49DE01BEDB9BE007919B9 /* Main.storyboard in Resources */ = {isa = PBXBuildFile; fileRef = 47B49DDE1BEDB9BE007919B9 /* Main.storyboard */; };
		47B49DE21BEDB9BE007919B9 /* Images.xcassets in Resources */ = {isa = PBXBuildFile; fileRef = 47B49DE11BEDB9BE007919B9 /* Images.xcassets */; };
		47B49DE51BEDB9BE007919B9 /* LaunchScreen.xib in Resources */ = {isa = PBXBuildFile; fileRef = 47B49DE31BEDB9BE007919B9 /* LaunchScreen.xib */; };
		47B49DF11BEDB9BE007919B9 /* ToMorning_ximinzTests.swift in Sources */ = {isa = PBXBuildFile; fileRef = 47B49DF01BEDB9BE007919B9 /* ToMorning_ximinzTests.swift */; };
		47B49DFB1BEDBA23007919B9 /* AnalogClock.swift in Sources */ = {isa = PBXBuildFile; fileRef = 47B49DFA1BEDBA23007919B9 /* AnalogClock.swift */; };
		47B49DFD1BEDCF18007919B9 /* SetUpAlarmViewController.swift in Sources */ = {isa = PBXBuildFile; fileRef = 47B49DFC1BEDCF18007919B9 /* SetUpAlarmViewController.swift */; };
		B6E150481BEEAF590034E1FF /* Images-2.xcassets in Resources */ = {isa = PBXBuildFile; fileRef = B6E150471BEEAF590034E1FF /* Images-2.xcassets */; };
/* End PBXBuildFile section */

/* Begin PBXContainerItemProxy section */
		47B49DEB1BEDB9BE007919B9 /* PBXContainerItemProxy */ = {
			isa = PBXContainerItemProxy;
			containerPortal = 47B49DCD1BEDB9BE007919B9 /* Project object */;
			proxyType = 1;
			remoteGlobalIDString = 47B49DD41BEDB9BE007919B9;
			remoteInfo = "ToMorning-ximinz";
		};
/* End PBXContainerItemProxy section */

/* Begin PBXFileReference section */
		2F0C1FEF1C029FCA00D7E9F4 /* IMG_6774.PNG */ = {isa = PBXFileReference; lastKnownFileType = image.png; path = IMG_6774.PNG; sourceTree = "<group>"; };
		2F0C1FF31C02A87000D7E9F4 /* calend.png */ = {isa = PBXFileReference; lastKnownFileType = image.png; path = calend.png; sourceTree = "<group>"; };
		2F0C1FF41C02A87000D7E9F4 /* clo.png */ = {isa = PBXFileReference; lastKnownFileType = image.png; path = clo.png; sourceTree = "<group>"; };
		2F0C1FF51C02A87000D7E9F4 /* rep.png */ = {isa = PBXFileReference; lastKnownFileType = image.png; path = rep.png; sourceTree = "<group>"; };
		2F0C1FF61C02A87000D7E9F4 /* sett.png */ = {isa = PBXFileReference; lastKnownFileType = image.png; path = sett.png; sourceTree = "<group>"; };
		2F0C1FFB1C02A95500D7E9F4 /* start.png */ = {isa = PBXFileReference; lastKnownFileType = image.png; path = start.png; sourceTree = "<group>"; };
		2F0C1FFD1C02AA8200D7E9F4 /* fb.png */ = {isa = PBXFileReference; lastKnownFileType = image.png; path = fb.png; sourceTree = "<group>"; };
		2F0C1FFF1C02AABB00D7E9F4 /* ins.png */ = {isa = PBXFileReference; lastKnownFileType = image.png; path = ins.png; sourceTree = "<group>"; };
		2F0C20031C02AB6200D7E9F4 /* mai.png */ = {isa = PBXFileReference; lastKnownFileType = image.png; path = mai.png; sourceTree = "<group>"; };
		2F11B18E1C051FE3009A5B38 /* newevent.png */ = {isa = PBXFileReference; lastKnownFileType = image.png; path = newevent.png; sourceTree = "<group>"; };
		2F11B1901C0526B6009A5B38 /* okok.png */ = {isa = PBXFileReference; lastKnownFileType = image.png; path = okok.png; sourceTree = "<group>"; };
		2F5265D71BF96CD3005DF6FD /* cancel.png */ = {isa = PBXFileReference; lastKnownFileType = image.png; path = cancel.png; sourceTree = "<group>"; };
		2F52D2F51C0BD697008E35AD /* Dogs.mp3 */ = {isa = PBXFileReference; lastKnownFileType = audio.mp3; path = Dogs.mp3; sourceTree = "<group>"; };
		2F52D2F61C0BD697008E35AD /* Phantom.mp3 */ = {isa = PBXFileReference; lastKnownFileType = audio.mp3; path = Phantom.mp3; sourceTree = "<group>"; };
		2F52D2F71C0BD697008E35AD /* Summer.mp3 */ = {isa = PBXFileReference; lastKnownFileType = audio.mp3; path = Summer.mp3; sourceTree = "<group>"; };
		2F52D2F81C0BD697008E35AD /* Truth.mp3 */ = {isa = PBXFileReference; lastKnownFileType = audio.mp3; path = Truth.mp3; sourceTree = "<group>"; };
		2F52D2F91C0BD697008E35AD /* Whistle.mp3 */ = {isa = PBXFileReference; lastKnownFileType = audio.mp3; path = Whistle.mp3; sourceTree = "<group>"; };
		2FE4F0351C07EBFF0004DDD6 /* IMG_6860.PNG */ = {isa = PBXFileReference; lastKnownFileType = image.png; path = IMG_6860.PNG; sourceTree = "<group>"; };
		2FE4F0371C07F2290004DDD6 /* canc.png */ = {isa = PBXFileReference; lastKnownFileType = image.png; path = canc.png; sourceTree = "<group>"; };
		2FE4F0391C07F2940004DDD6 /* cancc.png */ = {isa = PBXFileReference; lastKnownFileType = image.png; path = cancc.png; sourceTree = "<group>"; };
		2FFABFF01C07E3DE00C26C78 /* IMG_6781.PNG */ = {isa = PBXFileReference; lastKnownFileType = image.png; path = IMG_6781.PNG; sourceTree = "<group>"; };
		470B55A51BF80490008C1D80 /* HealthKit.framework */ = {isa = PBXFileReference; lastKnownFileType = wrapper.framework; name = HealthKit.framework; path = System/Library/Frameworks/HealthKit.framework; sourceTree = SDKROOT; };
		470B55A71BF80490008C1D80 /* ToMorning-ximinz.entitlements */ = {isa = PBXFileReference; lastKnownFileType = text.xml; path = "ToMorning-ximinz.entitlements"; sourceTree = "<group>"; };
		470B55A81BF804C1008C1D80 /* HealthManager.swift */ = {isa = PBXFileReference; fileEncoding = 4; lastKnownFileType = sourcecode.swift; path = HealthManager.swift; sourceTree = "<group>"; };
		47450AB71C0D0DA30094AB2C /* InfoManager.swift */ = {isa = PBXFileReference; fileEncoding = 4; lastKnownFileType = sourcecode.swift; path = InfoManager.swift; sourceTree = "<group>"; };
		47450AB91C0D1C8B0094AB2C /* SettingsViewController.swift */ = {isa = PBXFileReference; fileEncoding = 4; lastKnownFileType = sourcecode.swift; path = SettingsViewController.swift; sourceTree = "<group>"; };
		4747536F1BEECA070047CA9D /* IMG_6646.jpg */ = {isa = PBXFileReference; lastKnownFileType = image.jpeg; path = IMG_6646.jpg; sourceTree = "<group>"; };
		475BE21E1C059EA6007BD8A3 /* CalendarViewController.swift */ = {isa = PBXFileReference; fileEncoding = 4; lastKnownFileType = sourcecode.swift; path = CalendarViewController.swift; sourceTree = "<group>"; };
		478D96161C0AFDD5000A13B9 /* EventManager.swift */ = {isa = PBXFileReference; fileEncoding = 4; lastKnownFileType = sourcecode.swift; path = EventManager.swift; sourceTree = "<group>"; };
		4791AE041BFEAA090050F0FF /* GraphView.swift */ = {isa = PBXFileReference; fileEncoding = 4; lastKnownFileType = sourcecode.swift; path = GraphView.swift; sourceTree = "<group>"; };
		4791AE061BFEAB2C0050F0FF /* SingleReportViewController.swift */ = {isa = PBXFileReference; fileEncoding = 4; lastKnownFileType = sourcecode.swift; path = SingleReportViewController.swift; sourceTree = "<group>"; };
		4791AE081BFEADBF0050F0FF /* ReportsViewController.swift */ = {isa = PBXFileReference; fileEncoding = 4; lastKnownFileType = sourcecode.swift; path = ReportsViewController.swift; sourceTree = "<group>"; };
		4791AE0A1C026B0E0050F0FF /* FileManager.swift */ = {isa = PBXFileReference; fileEncoding = 4; lastKnownFileType = sourcecode.swift; path = FileManager.swift; sourceTree = "<group>"; };
		4792CF731BFA3C3D00D6E6E1 /* Reports.swift */ = {isa = PBXFileReference; fileEncoding = 4; lastKnownFileType = sourcecode.swift; path = Reports.swift; sourceTree = "<group>"; };
		4799FB1F1C0C19B400A00DD2 /* SingleEventViewController.swift */ = {isa = PBXFileReference; fileEncoding = 4; lastKnownFileType = sourcecode.swift; path = SingleEventViewController.swift; sourceTree = "<group>"; };
		47B49DD51BEDB9BE007919B9 /* ToMorning-ximinz.app */ = {isa = PBXFileReference; explicitFileType = wrapper.application; includeInIndex = 0; path = "ToMorning-ximinz.app"; sourceTree = BUILT_PRODUCTS_DIR; };
		47B49DD91BEDB9BE007919B9 /* Info.plist */ = {isa = PBXFileReference; lastKnownFileType = text.plist.xml; path = Info.plist; sourceTree = "<group>"; };
		47B49DDA1BEDB9BE007919B9 /* AppDelegate.swift */ = {isa = PBXFileReference; lastKnownFileType = sourcecode.swift; path = AppDelegate.swift; sourceTree = "<group>"; };
		47B49DDC1BEDB9BE007919B9 /* AlarmViewController.swift */ = {isa = PBXFileReference; lastKnownFileType = sourcecode.swift; path = AlarmViewController.swift; sourceTree = "<group>"; };
		47B49DDF1BEDB9BE007919B9 /* Base */ = {isa = PBXFileReference; lastKnownFileType = file.storyboard; name = Base; path = Base.lproj/Main.storyboard; sourceTree = "<group>"; };
		47B49DE11BEDB9BE007919B9 /* Images.xcassets */ = {isa = PBXFileReference; lastKnownFileType = folder.assetcatalog; path = Images.xcassets; sourceTree = "<group>"; };
		47B49DE41BEDB9BE007919B9 /* Base */ = {isa = PBXFileReference; lastKnownFileType = file.xib; name = Base; path = Base.lproj/LaunchScreen.xib; sourceTree = "<group>"; };
		47B49DEA1BEDB9BE007919B9 /* ToMorning-ximinzTests.xctest */ = {isa = PBXFileReference; explicitFileType = wrapper.cfbundle; includeInIndex = 0; path = "ToMorning-ximinzTests.xctest"; sourceTree = BUILT_PRODUCTS_DIR; };
		47B49DEF1BEDB9BE007919B9 /* Info.plist */ = {isa = PBXFileReference; lastKnownFileType = text.plist.xml; path = Info.plist; sourceTree = "<group>"; };
		47B49DF01BEDB9BE007919B9 /* ToMorning_ximinzTests.swift */ = {isa = PBXFileReference; lastKnownFileType = sourcecode.swift; path = ToMorning_ximinzTests.swift; sourceTree = "<group>"; };
		47B49DFA1BEDBA23007919B9 /* AnalogClock.swift */ = {isa = PBXFileReference; fileEncoding = 4; lastKnownFileType = sourcecode.swift; path = AnalogClock.swift; sourceTree = "<group>"; };
		47B49DFC1BEDCF18007919B9 /* SetUpAlarmViewController.swift */ = {isa = PBXFileReference; fileEncoding = 4; lastKnownFileType = sourcecode.swift; path = SetUpAlarmViewController.swift; sourceTree = "<group>"; };
		B6E150471BEEAF590034E1FF /* Images-2.xcassets */ = {isa = PBXFileReference; lastKnownFileType = folder.assetcatalog; path = "Images-2.xcassets"; sourceTree = "<group>"; };
/* End PBXFileReference section */

/* Begin PBXFrameworksBuildPhase section */
		47B49DD21BEDB9BE007919B9 /* Frameworks */ = {
			isa = PBXFrameworksBuildPhase;
			buildActionMask = 2147483647;
			files = (
				470B55A61BF80490008C1D80 /* HealthKit.framework in Frameworks */,
			);
			runOnlyForDeploymentPostprocessing = 0;
		};
		47B49DE71BEDB9BE007919B9 /* Frameworks */ = {
			isa = PBXFrameworksBuildPhase;
			buildActionMask = 2147483647;
			files = (
			);
			runOnlyForDeploymentPostprocessing = 0;
		};
/* End PBXFrameworksBuildPhase section */

/* Begin PBXGroup section */
		478D96131C0AEF88000A13B9 /* Model */ = {
			isa = PBXGroup;
			children = (
				470B55A81BF804C1008C1D80 /* HealthManager.swift */,
				4792CF731BFA3C3D00D6E6E1 /* Reports.swift */,
				478D96161C0AFDD5000A13B9 /* EventManager.swift */,
				4791AE0A1C026B0E0050F0FF /* FileManager.swift */,
				47450AB71C0D0DA30094AB2C /* InfoManager.swift */,
			);
			name = Model;
			sourceTree = "<group>";
		};
		478D96141C0AEF9D000A13B9 /* View */ = {
			isa = PBXGroup;
			children = (
				47B49DFA1BEDBA23007919B9 /* AnalogClock.swift */,
				4791AE041BFEAA090050F0FF /* GraphView.swift */,
			);
			name = View;
			sourceTree = "<group>";
		};
		478D96151C0AEFA2000A13B9 /* Controller */ = {
			isa = PBXGroup;
			children = (
				47B49DDC1BEDB9BE007919B9 /* AlarmViewController.swift */,
				475BE21E1C059EA6007BD8A3 /* CalendarViewController.swift */,
				4799FB1F1C0C19B400A00DD2 /* SingleEventViewController.swift */,
				47450AB91C0D1C8B0094AB2C /* SettingsViewController.swift */,
				4791AE061BFEAB2C0050F0FF /* SingleReportViewController.swift */,
				4791AE081BFEADBF0050F0FF /* ReportsViewController.swift */,
				47B49DFC1BEDCF18007919B9 /* SetUpAlarmViewController.swift */,
			);
			name = Controller;
			sourceTree = "<group>";
		};
		47B49DCC1BEDB9BE007919B9 = {
			isa = PBXGroup;
			children = (
				470B55A51BF80490008C1D80 /* HealthKit.framework */,
				47B49DD71BEDB9BE007919B9 /* ToMorning-ximinz */,
				47B49DED1BEDB9BE007919B9 /* ToMorning-ximinzTests */,
				47B49DD61BEDB9BE007919B9 /* Products */,
			);
			sourceTree = "<group>";
		};
		47B49DD61BEDB9BE007919B9 /* Products */ = {
			isa = PBXGroup;
			children = (
				47B49DD51BEDB9BE007919B9 /* ToMorning-ximinz.app */,
				47B49DEA1BEDB9BE007919B9 /* ToMorning-ximinzTests.xctest */,
			);
			name = Products;
			sourceTree = "<group>";
		};
		47B49DD71BEDB9BE007919B9 /* ToMorning-ximinz */ = {
			isa = PBXGroup;
			children = (
				470B55A71BF80490008C1D80 /* ToMorning-ximinz.entitlements */,
				47B49DDE1BEDB9BE007919B9 /* Main.storyboard */,
				47B49DE11BEDB9BE007919B9 /* Images.xcassets */,
				478D96131C0AEF88000A13B9 /* Model */,
				478D96141C0AEF9D000A13B9 /* View */,
				478D96151C0AEFA2000A13B9 /* Controller */,
				B6E150471BEEAF590034E1FF /* Images-2.xcassets */,
				47B49DD81BEDB9BE007919B9 /* Supporting Files */,
			);
			path = "ToMorning-ximinz";
			sourceTree = "<group>";
		};
		47B49DD81BEDB9BE007919B9 /* Supporting Files */ = {
			isa = PBXGroup;
			children = (
				2F52D2F51C0BD697008E35AD /* Dogs.mp3 */,
				2F52D2F61C0BD697008E35AD /* Phantom.mp3 */,
				2F52D2F71C0BD697008E35AD /* Summer.mp3 */,
				2F52D2F81C0BD697008E35AD /* Truth.mp3 */,
				2F52D2F91C0BD697008E35AD /* Whistle.mp3 */,
				2FE4F0391C07F2940004DDD6 /* cancc.png */,
				2FE4F0371C07F2290004DDD6 /* canc.png */,
				2FE4F0351C07EBFF0004DDD6 /* IMG_6860.PNG */,
				2FFABFF01C07E3DE00C26C78 /* IMG_6781.PNG */,
				2F11B1901C0526B6009A5B38 /* okok.png */,
				2F11B18E1C051FE3009A5B38 /* newevent.png */,
				2F0C20031C02AB6200D7E9F4 /* mai.png */,
				2F0C1FFF1C02AABB00D7E9F4 /* ins.png */,
				2F0C1FFD1C02AA8200D7E9F4 /* fb.png */,
				2F0C1FFB1C02A95500D7E9F4 /* start.png */,
				2F0C1FF31C02A87000D7E9F4 /* calend.png */,
				2F0C1FF41C02A87000D7E9F4 /* clo.png */,
				2F0C1FF51C02A87000D7E9F4 /* rep.png */,
				2F0C1FF61C02A87000D7E9F4 /* sett.png */,
				2F0C1FEF1C029FCA00D7E9F4 /* IMG_6774.PNG */,
				2F5265D71BF96CD3005DF6FD /* cancel.png */,
				47B49DDA1BEDB9BE007919B9 /* AppDelegate.swift */,
				47B49DE31BEDB9BE007919B9 /* LaunchScreen.xib */,
				4747536F1BEECA070047CA9D /* IMG_6646.jpg */,
				47B49DD91BEDB9BE007919B9 /* Info.plist */,
			);
			name = "Supporting Files";
			sourceTree = "<group>";
		};
		47B49DED1BEDB9BE007919B9 /* ToMorning-ximinzTests */ = {
			isa = PBXGroup;
			children = (
				47B49DF01BEDB9BE007919B9 /* ToMorning_ximinzTests.swift */,
				47B49DEE1BEDB9BE007919B9 /* Supporting Files */,
			);
			path = "ToMorning-ximinzTests";
			sourceTree = "<group>";
		};
		47B49DEE1BEDB9BE007919B9 /* Supporting Files */ = {
			isa = PBXGroup;
			children = (
				47B49DEF1BEDB9BE007919B9 /* Info.plist */,
			);
			name = "Supporting Files";
			sourceTree = "<group>";
		};
/* End PBXGroup section */

/* Begin PBXNativeTarget section */
		47B49DD41BEDB9BE007919B9 /* ToMorning-ximinz */ = {
			isa = PBXNativeTarget;
			buildConfigurationList = 47B49DF41BEDB9BE007919B9 /* Build configuration list for PBXNativeTarget "ToMorning-ximinz" */;
			buildPhases = (
				47B49DD11BEDB9BE007919B9 /* Sources */,
				47B49DD21BEDB9BE007919B9 /* Frameworks */,
				47B49DD31BEDB9BE007919B9 /* Resources */,
			);
			buildRules = (
			);
			dependencies = (
			);
			name = "ToMorning-ximinz";
			productName = "ToMorning-ximinz";
			productReference = 47B49DD51BEDB9BE007919B9 /* ToMorning-ximinz.app */;
			productType = "com.apple.product-type.application";
		};
		47B49DE91BEDB9BE007919B9 /* ToMorning-ximinzTests */ = {
			isa = PBXNativeTarget;
			buildConfigurationList = 47B49DF71BEDB9BE007919B9 /* Build configuration list for PBXNativeTarget "ToMorning-ximinzTests" */;
			buildPhases = (
				47B49DE61BEDB9BE007919B9 /* Sources */,
				47B49DE71BEDB9BE007919B9 /* Frameworks */,
				47B49DE81BEDB9BE007919B9 /* Resources */,
			);
			buildRules = (
			);
			dependencies = (
				47B49DEC1BEDB9BE007919B9 /* PBXTargetDependency */,
			);
			name = "ToMorning-ximinzTests";
			productName = "ToMorning-ximinzTests";
			productReference = 47B49DEA1BEDB9BE007919B9 /* ToMorning-ximinzTests.xctest */;
			productType = "com.apple.product-type.bundle.unit-test";
		};
/* End PBXNativeTarget section */

/* Begin PBXProject section */
		47B49DCD1BEDB9BE007919B9 /* Project object */ = {
			isa = PBXProject;
			attributes = {
				LastSwiftUpdateCheck = 0710;
				LastUpgradeCheck = 0630;
				ORGANIZATIONNAME = "CMPT275-04";
				TargetAttributes = {
					47B49DD41BEDB9BE007919B9 = {
						CreatedOnToolsVersion = 6.3;
						DevelopmentTeam = BEX9M2ZJU8;
						SystemCapabilities = {
							com.apple.HealthKit = {
								enabled = 1;
							};
						};
					};
					47B49DE91BEDB9BE007919B9 = {
						CreatedOnToolsVersion = 6.3;
						TestTargetID = 47B49DD41BEDB9BE007919B9;
					};
				};
			};
			buildConfigurationList = 47B49DD01BEDB9BE007919B9 /* Build configuration list for PBXProject "ToMorning-ximinz" */;
			compatibilityVersion = "Xcode 3.2";
			developmentRegion = English;
			hasScannedForEncodings = 0;
			knownRegions = (
				en,
				Base,
			);
			mainGroup = 47B49DCC1BEDB9BE007919B9;
			productRefGroup = 47B49DD61BEDB9BE007919B9 /* Products */;
			projectDirPath = "";
			projectRoot = "";
			targets = (
				47B49DD41BEDB9BE007919B9 /* ToMorning-ximinz */,
				47B49DE91BEDB9BE007919B9 /* ToMorning-ximinzTests */,
			);
		};
/* End PBXProject section */

/* Begin PBXResourcesBuildPhase section */
		47B49DD31BEDB9BE007919B9 /* Resources */ = {
			isa = PBXResourcesBuildPhase;
			buildActionMask = 2147483647;
			files = (
				2F52D2FD1C0BD697008E35AD /* Truth.mp3 in Resources */,
				2F0C20041C02AB6200D7E9F4 /* mai.png in Resources */,
				2F52D2FC1C0BD697008E35AD /* Summer.mp3 in Resources */,
				B6E150481BEEAF590034E1FF /* Images-2.xcassets in Resources */,
				2F52D2FB1C0BD697008E35AD /* Phantom.mp3 in Resources */,
				47B49DE01BEDB9BE007919B9 /* Main.storyboard in Resources */,
				2F5265DD1BF96CD3005DF6FD /* cancel.png in Resources */,
				2F0C1FF91C02A87000D7E9F4 /* rep.png in Resources */,
				2FE4F0381C07F2290004DDD6 /* canc.png in Resources */,
				2F0C1FF81C02A87000D7E9F4 /* clo.png in Resources */,
				2F52D2FA1C0BD697008E35AD /* Dogs.mp3 in Resources */,
				2F0C1FFE1C02AA8200D7E9F4 /* fb.png in Resources */,
				47B49DE51BEDB9BE007919B9 /* LaunchScreen.xib in Resources */,
				2F0C1FF21C029FCA00D7E9F4 /* IMG_6774.PNG in Resources */,
				2F0C1FF71C02A87000D7E9F4 /* calend.png in Resources */,
				2FE4F0361C07EBFF0004DDD6 /* IMG_6860.PNG in Resources */,
				2F11B18F1C051FE3009A5B38 /* newevent.png in Resources */,
				2FFABFF31C07E3DE00C26C78 /* IMG_6781.PNG in Resources */,
				2F0C1FFC1C02A95500D7E9F4 /* start.png in Resources */,
				2F52D2FE1C0BD697008E35AD /* Whistle.mp3 in Resources */,
				47B49DE21BEDB9BE007919B9 /* Images.xcassets in Resources */,
				2F0C20001C02AABB00D7E9F4 /* ins.png in Resources */,
				2FE4F03A1C07F2940004DDD6 /* cancc.png in Resources */,
				474753701BEECA080047CA9D /* IMG_6646.jpg in Resources */,
				2F0C1FFA1C02A87000D7E9F4 /* sett.png in Resources */,
				2F11B1911C0526B6009A5B38 /* okok.png in Resources */,
			);
			runOnlyForDeploymentPostprocessing = 0;
		};
		47B49DE81BEDB9BE007919B9 /* Resources */ = {
			isa = PBXResourcesBuildPhase;
			buildActionMask = 2147483647;
			files = (
			);
			runOnlyForDeploymentPostprocessing = 0;
		};
/* End PBXResourcesBuildPhase section */

/* Begin PBXSourcesBuildPhase section */
		47B49DD11BEDB9BE007919B9 /* Sources */ = {
			isa = PBXSourcesBuildPhase;
			buildActionMask = 2147483647;
			files = (
				470B55A91BF804C1008C1D80 /* HealthManager.swift in Sources */,
				47B49DFB1BEDBA23007919B9 /* AnalogClock.swift in Sources */,
				47B49DDD1BEDB9BE007919B9 /* AlarmViewController.swift in Sources */,
				47450AB81C0D0DA30094AB2C /* InfoManager.swift in Sources */,
				475BE21F1C059EA6007BD8A3 /* CalendarViewController.swift in Sources */,
				47B49DFD1BEDCF18007919B9 /* SetUpAlarmViewController.swift in Sources */,
				4791AE091BFEADBF0050F0FF /* ReportsViewController.swift in Sources */,
				478D96171C0AFDD5000A13B9 /* EventManager.swift in Sources */,
				47450ABA1C0D1C8B0094AB2C /* SettingsViewController.swift in Sources */,
				4791AE0B1C026B0E0050F0FF /* FileManager.swift in Sources */,
				4791AE071BFEAB2C0050F0FF /* SingleReportViewController.swift in Sources */,
				4792CF741BFA3C3D00D6E6E1 /* Reports.swift in Sources */,
				47B49DDB1BEDB9BE007919B9 /* AppDelegate.swift in Sources */,
				4791AE051BFEAA090050F0FF /* GraphView.swift in Sources */,
				4799FB201C0C19B400A00DD2 /* SingleEventViewController.swift in Sources */,
			);
			runOnlyForDeploymentPostprocessing = 0;
		};
		47B49DE61BEDB9BE007919B9 /* Sources */ = {
			isa = PBXSourcesBuildPhase;
			buildActionMask = 2147483647;
			files = (
				47B49DF11BEDB9BE007919B9 /* ToMorning_ximinzTests.swift in Sources */,
			);
			runOnlyForDeploymentPostprocessing = 0;
		};
/* End PBXSourcesBuildPhase section */

/* Begin PBXTargetDependency section */
		47B49DEC1BEDB9BE007919B9 /* PBXTargetDependency */ = {
			isa = PBXTargetDependency;
			target = 47B49DD41BEDB9BE007919B9 /* ToMorning-ximinz */;
			targetProxy = 47B49DEB1BEDB9BE007919B9 /* PBXContainerItemProxy */;
		};
/* End PBXTargetDependency section */

/* Begin PBXVariantGroup section */
		47B49DDE1BEDB9BE007919B9 /* Main.storyboard */ = {
			isa = PBXVariantGroup;
			children = (
				47B49DDF1BEDB9BE007919B9 /* Base */,
			);
			name = Main.storyboard;
			sourceTree = "<group>";
		};
		47B49DE31BEDB9BE007919B9 /* LaunchScreen.xib */ = {
			isa = PBXVariantGroup;
			children = (
				47B49DE41BEDB9BE007919B9 /* Base */,
			);
			name = LaunchScreen.xib;
			sourceTree = "<group>";
		};
/* End PBXVariantGroup section */

/* Begin XCBuildConfiguration section */
		47B49DF21BEDB9BE007919B9 /* Debug */ = {
			isa = XCBuildConfiguration;
			buildSettings = {
				ALWAYS_SEARCH_USER_PATHS = NO;
				CLANG_CXX_LANGUAGE_STANDARD = "gnu++0x";
				CLANG_CXX_LIBRARY = "libc++";
				CLANG_ENABLE_MODULES = YES;
				CLANG_ENABLE_OBJC_ARC = YES;
				CLANG_WARN_BOOL_CONVERSION = YES;
				CLANG_WARN_CONSTANT_CONVERSION = YES;
				CLANG_WARN_DIRECT_OBJC_ISA_USAGE = YES_ERROR;
				CLANG_WARN_EMPTY_BODY = YES;
				CLANG_WARN_ENUM_CONVERSION = YES;
				CLANG_WARN_INT_CONVERSION = YES;
				CLANG_WARN_OBJC_ROOT_CLASS = YES_ERROR;
				CLANG_WARN_UNREACHABLE_CODE = YES;
				CLANG_WARN__DUPLICATE_METHOD_MATCH = YES;
				"CODE_SIGN_IDENTITY[sdk=iphoneos*]" = "iPhone Developer";
				COPY_PHASE_STRIP = NO;
				DEBUG_INFORMATION_FORMAT = "dwarf-with-dsym";
				ENABLE_STRICT_OBJC_MSGSEND = YES;
				GCC_C_LANGUAGE_STANDARD = gnu99;
				GCC_DYNAMIC_NO_PIC = NO;
				GCC_NO_COMMON_BLOCKS = YES;
				GCC_OPTIMIZATION_LEVEL = 0;
				GCC_PREPROCESSOR_DEFINITIONS = (
					"DEBUG=1",
					"$(inherited)",
				);
				GCC_SYMBOLS_PRIVATE_EXTERN = NO;
				GCC_WARN_64_TO_32_BIT_CONVERSION = YES;
				GCC_WARN_ABOUT_RETURN_TYPE = YES_ERROR;
				GCC_WARN_UNDECLARED_SELECTOR = YES;
				GCC_WARN_UNINITIALIZED_AUTOS = YES_AGGRESSIVE;
				GCC_WARN_UNUSED_FUNCTION = YES;
				GCC_WARN_UNUSED_VARIABLE = YES;
				IPHONEOS_DEPLOYMENT_TARGET = 8.3;
				MTL_ENABLE_DEBUG_INFO = YES;
				ONLY_ACTIVE_ARCH = YES;
				SDKROOT = iphoneos;
				SWIFT_OPTIMIZATION_LEVEL = "-Onone";
			};
			name = Debug;
		};
		47B49DF31BEDB9BE007919B9 /* Release */ = {
			isa = XCBuildConfiguration;
			buildSettings = {
				ALWAYS_SEARCH_USER_PATHS = NO;
				CLANG_CXX_LANGUAGE_STANDARD = "gnu++0x";
				CLANG_CXX_LIBRARY = "libc++";
				CLANG_ENABLE_MODULES = YES;
				CLANG_ENABLE_OBJC_ARC = YES;
				CLANG_WARN_BOOL_CONVERSION = YES;
				CLANG_WARN_CONSTANT_CONVERSION = YES;
				CLANG_WARN_DIRECT_OBJC_ISA_USAGE = YES_ERROR;
				CLANG_WARN_EMPTY_BODY = YES;
				CLANG_WARN_ENUM_CONVERSION = YES;
				CLANG_WARN_INT_CONVERSION = YES;
				CLANG_WARN_OBJC_ROOT_CLASS = YES_ERROR;
				CLANG_WARN_UNREACHABLE_CODE = YES;
				CLANG_WARN__DUPLICATE_METHOD_MATCH = YES;
				"CODE_SIGN_IDENTITY[sdk=iphoneos*]" = "iPhone Developer";
				COPY_PHASE_STRIP = NO;
				DEBUG_INFORMATION_FORMAT = "dwarf-with-dsym";
				ENABLE_NS_ASSERTIONS = NO;
				ENABLE_STRICT_OBJC_MSGSEND = YES;
				GCC_C_LANGUAGE_STANDARD = gnu99;
				GCC_NO_COMMON_BLOCKS = YES;
				GCC_WARN_64_TO_32_BIT_CONVERSION = YES;
				GCC_WARN_ABOUT_RETURN_TYPE = YES_ERROR;
				GCC_WARN_UNDECLARED_SELECTOR = YES;
				GCC_WARN_UNINITIALIZED_AUTOS = YES_AGGRESSIVE;
				GCC_WARN_UNUSED_FUNCTION = YES;
				GCC_WARN_UNUSED_VARIABLE = YES;
				IPHONEOS_DEPLOYMENT_TARGET = 8.3;
				MTL_ENABLE_DEBUG_INFO = NO;
				SDKROOT = iphoneos;
				VALIDATE_PRODUCT = YES;
			};
			name = Release;
		};
		47B49DF51BEDB9BE007919B9 /* Debug */ = {
			isa = XCBuildConfiguration;
			buildSettings = {
				ASSETCATALOG_COMPILER_APPICON_NAME = AppIcon;
				ASSETCATALOG_COMPILER_LAUNCHIMAGE_NAME = LaunchImage;
				CODE_SIGN_ENTITLEMENTS = "ToMorning-ximinz/ToMorning-ximinz.entitlements";
				CODE_SIGN_IDENTITY = "iPhone Developer";
				"CODE_SIGN_IDENTITY[sdk=iphoneos*]" = "iPhone Developer";
				INFOPLIST_FILE = "ToMorning-ximinz/Info.plist";
				IPHONEOS_DEPLOYMENT_TARGET = 8.3;
				LD_RUNPATH_SEARCH_PATHS = "$(inherited) @executable_path/Frameworks";
				PRODUCT_NAME = "$(TARGET_NAME)";
				PROVISIONING_PROFILE = "";
				TARGETED_DEVICE_FAMILY = 1;
			};
			name = Debug;
		};
		47B49DF61BEDB9BE007919B9 /* Release */ = {
			isa = XCBuildConfiguration;
			buildSettings = {
				ASSETCATALOG_COMPILER_APPICON_NAME = AppIcon;
				ASSETCATALOG_COMPILER_LAUNCHIMAGE_NAME = LaunchImage;
				CODE_SIGN_ENTITLEMENTS = "ToMorning-ximinz/ToMorning-ximinz.entitlements";
				CODE_SIGN_IDENTITY = "iPhone Developer";
				"CODE_SIGN_IDENTITY[sdk=iphoneos*]" = "iPhone Developer";
				INFOPLIST_FILE = "ToMorning-ximinz/Info.plist";
				IPHONEOS_DEPLOYMENT_TARGET = 8.3;
				LD_RUNPATH_SEARCH_PATHS = "$(inherited) @executable_path/Frameworks";
				PRODUCT_NAME = "$(TARGET_NAME)";
				PROVISIONING_PROFILE = "";
				TARGETED_DEVICE_FAMILY = 1;
			};
			name = Release;
		};
		47B49DF81BEDB9BE007919B9 /* Debug */ = {
			isa = XCBuildConfiguration;
			buildSettings = {
				BUNDLE_LOADER = "$(TEST_HOST)";
				FRAMEWORK_SEARCH_PATHS = (
					"$(SDKROOT)/Developer/Library/Frameworks",
					"$(inherited)",
				);
				GCC_PREPROCESSOR_DEFINITIONS = (
					"DEBUG=1",
					"$(inherited)",
				);
				INFOPLIST_FILE = "ToMorning-ximinzTests/Info.plist";
				LD_RUNPATH_SEARCH_PATHS = "$(inherited) @executable_path/Frameworks @loader_path/Frameworks";
				PRODUCT_NAME = "$(TARGET_NAME)";
				TEST_HOST = "$(BUILT_PRODUCTS_DIR)/ToMorning-ximinz.app/ToMorning-ximinz";
			};
			name = Debug;
		};
		47B49DF91BEDB9BE007919B9 /* Release */ = {
			isa = XCBuildConfiguration;
			buildSettings = {
				BUNDLE_LOADER = "$(TEST_HOST)";
				FRAMEWORK_SEARCH_PATHS = (
					"$(SDKROOT)/Developer/Library/Frameworks",
					"$(inherited)",
				);
				INFOPLIST_FILE = "ToMorning-ximinzTests/Info.plist";
				LD_RUNPATH_SEARCH_PATHS = "$(inherited) @executable_path/Frameworks @loader_path/Frameworks";
				PRODUCT_NAME = "$(TARGET_NAME)";
				TEST_HOST = "$(BUILT_PRODUCTS_DIR)/ToMorning-ximinz.app/ToMorning-ximinz";
			};
			name = Release;
		};
/* End XCBuildConfiguration section */

/* Begin XCConfigurationList section */
		47B49DD01BEDB9BE007919B9 /* Build configuration list for PBXProject "ToMorning-ximinz" */ = {
			isa = XCConfigurationList;
			buildConfigurations = (
				47B49DF21BEDB9BE007919B9 /* Debug */,
				47B49DF31BEDB9BE007919B9 /* Release */,
			);
			defaultConfigurationIsVisible = 0;
			defaultConfigurationName = Release;
		};
		47B49DF41BEDB9BE007919B9 /* Build configuration list for PBXNativeTarget "ToMorning-ximinz" */ = {
			isa = XCConfigurationList;
			buildConfigurations = (
				47B49DF51BEDB9BE007919B9 /* Debug */,
				47B49DF61BEDB9BE007919B9 /* Release */,
			);
			defaultConfigurationIsVisible = 0;
			defaultConfigurationName = Release;
		};
		47B49DF71BEDB9BE007919B9 /* Build configuration list for PBXNativeTarget "ToMorning-ximinzTests" */ = {
			isa = XCConfigurationList;
			buildConfigurations = (
				47B49DF81BEDB9BE007919B9 /* Debug */,
				47B49DF91BEDB9BE007919B9 /* Release */,
			);
			defaultConfigurationIsVisible = 0;
			defaultConfigurationName = Release;
		};
/* End XCConfigurationList section */
	};
	rootObject = 47B49DCD1BEDB9BE007919B9 /* Project object */;
}
